
Microsoft Visual Studio Solution File, Format Version 12.00
# Visual Studio 15
VisualStudioVersion = 15.0.28010.2041
MinimumVisualStudioVersion = 10.0.40219.1
Project("{FAE04EC0-301F-11D3-BF4B-00C04F79EFBC}") = "EMovi", "EMovi\EMovi.csproj", "{4FA61A96-F8A4-4137-9E53-DAA94B2BEDCE}"
EndProject
Global
	GlobalSection(SolutionConfigurationPlatforms) = preSolution
		Debug|Any CPU = Debug|Any CPU
		Release|Any CPU = Release|Any CPU
	EndGlobalSection
	GlobalSection(ProjectConfigurationPlatforms) = postSolution
		{4FA61A96-F8A4-4137-9E53-DAA94B2BEDCE}.Debug|Any CPU.ActiveCfg = Debug|Any CPU
		{4FA61A96-F8A4-4137-9E53-DAA94B2BEDCE}.Debug|Any CPU.Build.0 = Debug|Any CPU
		{4FA61A96-F8A4-4137-9E53-DAA94B2BEDCE}.Release|Any CPU.ActiveCfg = Release|Any CPU
		{4FA61A96-F8A4-4137-9E53-DAA94B2BEDCE}.Release|Any CPU.Build.0 = Release|Any CPU
	EndGlobalSection
	GlobalSection(SolutionProperties) = preSolution
		HideSolutionNode = FALSE
	EndGlobalSection
	GlobalSection(ExtensibilityGlobals) = postSolution
		SolutionGuid = {55DB40FA-966C-438F-ABEF-64AD6612CCB0}
	EndGlobalSection
EndGlobal
